
Microsoft Visual Studio Solution File, Format Version 12.00
Project("{FAE04EC0-301F-11D3-BF4B-00C04F79EFBC}") = "Changer", "Changer\Changer.csproj", "{BF2EFEF1-FAE7-4538-BE3B-C8D4D8C2DEA2}"
EndProject
Project("{FAE04EC0-301F-11D3-BF4B-00C04F79EFBC}") = "Changer.UnitTests", "Changer.UnitTests\Changer.UnitTests.csproj", "{341EC258-B88A-47A3-8E47-AD6D70120898}"
EndProject
Global
	GlobalSection(SolutionConfigurationPlatforms) = preSolution
		Debug|Any CPU = Debug|Any CPU
		Release|Any CPU = Release|Any CPU
	EndGlobalSection
	GlobalSection(ProjectConfigurationPlatforms) = postSolution
		{BF2EFEF1-FAE7-4538-BE3B-C8D4D8C2DEA2}.Debug|Any CPU.ActiveCfg = Debug|Any CPU
		{BF2EFEF1-FAE7-4538-BE3B-C8D4D8C2DEA2}.Debug|Any CPU.Build.0 = Debug|Any CPU
		{BF2EFEF1-FAE7-4538-BE3B-C8D4D8C2DEA2}.Release|Any CPU.ActiveCfg = Release|Any CPU
		{BF2EFEF1-FAE7-4538-BE3B-C8D4D8C2DEA2}.Release|Any CPU.Build.0 = Release|Any CPU
		{341EC258-B88A-47A3-8E47-AD6D70120898}.Debug|Any CPU.ActiveCfg = Debug|Any CPU
		{341EC258-B88A-47A3-8E47-AD6D70120898}.Debug|Any CPU.Build.0 = Debug|Any CPU
		{341EC258-B88A-47A3-8E47-AD6D70120898}.Release|Any CPU.ActiveCfg = Release|Any CPU
		{341EC258-B88A-47A3-8E47-AD6D70120898}.Release|Any CPU.Build.0 = Release|Any CPU
	EndGlobalSection
EndGlobal
